
Microsoft Visual Studio Solution File, Format Version 12.00
# Visual Studio Version 17
VisualStudioVersion = 17.1.32328.378
MinimumVisualStudioVersion = 10.0.40219.1
Project("{FAE04EC0-301F-11D3-BF4B-00C04F79EFBC}") = "pryBaldovinoSP1H1", "pryBaldovinoSP1H1.csproj", "{9350178C-5F3D-43C2-9DBF-C1C02104E9AB}"
EndProject
Global
	GlobalSection(SolutionConfigurationPlatforms) = preSolution
		Debug|Any CPU = Debug|Any CPU
		Release|Any CPU = Release|Any CPU
	EndGlobalSection
	GlobalSection(ProjectConfigurationPlatforms) = postSolution
		{9350178C-5F3D-43C2-9DBF-C1C02104E9AB}.Debug|Any CPU.ActiveCfg = Debug|Any CPU
		{9350178C-5F3D-43C2-9DBF-C1C02104E9AB}.Debug|Any CPU.Build.0 = Debug|Any CPU
		{9350178C-5F3D-43C2-9DBF-C1C02104E9AB}.Release|Any CPU.ActiveCfg = Release|Any CPU
		{9350178C-5F3D-43C2-9DBF-C1C02104E9AB}.Release|Any CPU.Build.0 = Release|Any CPU
	EndGlobalSection
	GlobalSection(SolutionProperties) = preSolution
		HideSolutionNode = FALSE
	EndGlobalSection
	GlobalSection(ExtensibilityGlobals) = postSolution
		SolutionGuid = {09774118-8C92-415C-AE71-BAF59AAB962E}
	EndGlobalSection
EndGlobal
